// !$*UTF8*$!
{
	archiveVersion = 1;
	classes = {
	};
	objectVersion = 50;
	objects = {

/* Begin PBXBuildFile section */
		B30D3AE723E9876900477C79 /* main.mm in Sources */ = {isa = PBXBuildFile; fileRef = B30D3AE623E9876900477C79 /* main.mm */; };
/* End PBXBuildFile section */

/* Begin PBXFileReference section */
		B30D3ADC23E9876900477C79 /* trace */ = {isa = PBXFileReference; explicitFileType = "compiled.mach-o.executable"; includeInIndex = 0; path = trace; sourceTree = BUILT_PRODUCTS_DIR; };
		B30D3AE123E9876900477C79 /* control */ = {isa = PBXFileReference; lastKnownFileType = text; path = control; sourceTree = "<group>"; };
		B30D3AE223E9876900477C79 /* monkeydev.entitlements */ = {isa = PBXFileReference; lastKnownFileType = text.plist.entitlements; path = monkeydev.entitlements; sourceTree = "<group>"; };
		B30D3AE523E9876900477C79 /* 0xdeadfa11 */ = {isa = PBXFileReference; lastKnownFileType = text; path = 0xdeadfa11; sourceTree = "<group>"; };
		B30D3AE623E9876900477C79 /* main.mm */ = {isa = PBXFileReference; lastKnownFileType = sourcecode.cpp.objcpp; path = main.mm; sourceTree = "<group>"; };
/* End PBXFileReference section */

/* Begin PBXFrameworksBuildPhase section */
		B30D3AD923E9876900477C79 /* Frameworks */ = {
			isa = PBXFrameworksBuildPhase;
			buildActionMask = 2147483647;
			files = (
			);
			runOnlyForDeploymentPostprocessing = 0;
		};
/* End PBXFrameworksBuildPhase section */

/* Begin PBXGroup section */
		B30D3AD323E9876900477C79 = {
			isa = PBXGroup;
			children = (
				B30D3ADE23E9876900477C79 /* trace */,
				B30D3ADD23E9876900477C79 /* Products */,
			);
			sourceTree = "<group>";
		};
		B30D3ADD23E9876900477C79 /* Products */ = {
			isa = PBXGroup;
			children = (
				B30D3ADC23E9876900477C79 /* trace */,
			);
			name = Products;
			sourceTree = "<group>";
		};
		B30D3ADE23E9876900477C79 /* trace */ = {
			isa = PBXGroup;
			children = (
				B30D3AE223E9876900477C79 /* monkeydev.entitlements */,
				B30D3AE623E9876900477C79 /* main.mm */,
				B30D3ADF23E9876900477C79 /* Package */,
			);
			path = trace;
			sourceTree = "<group>";
		};
		B30D3ADF23E9876900477C79 /* Package */ = {
			isa = PBXGroup;
			children = (
				B30D3AE023E9876900477C79 /* DEBIAN */,
				B30D3AE323E9876900477C79 /* usr */,
			);
			path = Package;
			sourceTree = "<group>";
		};
		B30D3AE023E9876900477C79 /* DEBIAN */ = {
			isa = PBXGroup;
			children = (
				B30D3AE123E9876900477C79 /* control */,
			);
			path = DEBIAN;
			sourceTree = "<group>";
		};
		B30D3AE323E9876900477C79 /* usr */ = {
			isa = PBXGroup;
			children = (
				B30D3AE423E9876900477C79 /* bin */,
			);
			path = usr;
			sourceTree = "<group>";
		};
		B30D3AE423E9876900477C79 /* bin */ = {
			isa = PBXGroup;
			children = (
				B30D3AE523E9876900477C79 /* 0xdeadfa11 */,
			);
			path = bin;
			sourceTree = "<group>";
		};
/* End PBXGroup section */

/* Begin PBXNativeTarget section */
		B30D3ADB23E9876900477C79 /* trace */ = {
			isa = PBXNativeTarget;
			buildConfigurationList = B30D3AEA23E9876900477C79 /* Build configuration list for PBXNativeTarget "trace" */;
			buildPhases = (
				B30D3AD823E9876900477C79 /* Sources */,
				B30D3AD923E9876900477C79 /* Frameworks */,
				B30D3ADA23E9876900477C79 /* ShellScript */,
			);
			buildRules = (
			);
			dependencies = (
			);
			name = trace;
			productName = trace;
			productReference = B30D3ADC23E9876900477C79 /* trace */;
			productType = "com.apple.product-type.tool";
		};
/* End PBXNativeTarget section */

/* Begin PBXProject section */
		B30D3AD423E9876900477C79 /* Project object */ = {
			isa = PBXProject;
			attributes = {
				LastUpgradeCheck = 1130;
				TargetAttributes = {
					B30D3ADB23E9876900477C79 = {
						CreatedOnToolsVersion = 11.3.1;
					};
				};
			};
			buildConfigurationList = B30D3AD723E9876900477C79 /* Build configuration list for PBXProject "trace" */;
			compatibilityVersion = "Xcode 9.3";
			developmentRegion = en;
			hasScannedForEncodings = 0;
			knownRegions = (
				en,
				Base,
			);
			mainGroup = B30D3AD323E9876900477C79;
			productRefGroup = B30D3ADD23E9876900477C79 /* Products */;
			projectDirPath = "";
			projectRoot = "";
			targets = (
				B30D3ADB23E9876900477C79 /* trace */,
			);
		};
/* End PBXProject section */

/* Begin PBXShellScriptBuildPhase section */
		B30D3ADA23E9876900477C79 /* ShellScript */ = {
			isa = PBXShellScriptBuildPhase;
			buildActionMask = 2147483647;
			files = (
			);
			inputFileListPaths = (
			);
			inputPaths = (
			);
			outputFileListPaths = (
			);
			outputPaths = (
			);
			runOnlyForDeploymentPostprocessing = 0;
			shellPath = /bin/sh;
			shellScript = "/opt/MonkeyDev/bin/md --xcbp";
		};
/* End PBXShellScriptBuildPhase section */

/* Begin PBXSourcesBuildPhase section */
		B30D3AD823E9876900477C79 /* Sources */ = {
			isa = PBXSourcesBuildPhase;
			buildActionMask = 2147483647;
			files = (
				B30D3AE723E9876900477C79 /* main.mm in Sources */,
			);
			runOnlyForDeploymentPostprocessing = 0;
		};
/* End PBXSourcesBuildPhase section */

/* Begin XCBuildConfiguration section */
		B30D3AE823E9876900477C79 /* Release */ = {
			isa = XCBuildConfiguration;
			buildSettings = {
				COPY_PHASE_STRIP = YES;
				EXCLUDED_RECURSIVE_SEARCH_PATH_SUBDIRECTORIES = "*.nib *.lproj *.gch (*) .DS_Store CVS .svn .git .hg *.xcodeproj *.xcode *.pbproj *.pbxproj";
				FRAMEWORK_SEARCH_PATHS = (
					"$(MonkeyDevPath)/frameworks/**",
					"$(MonkeyDevTheosPath)/vendor/lib",
				);
				GCC_C_LANGUAGE_STANDARD = gnu99;
				GCC_WARN_ABOUT_MISSING_PROTOTYPES = YES;
				GCC_WARN_ABOUT_RETURN_TYPE = YES;
				GCC_WARN_UNUSED_VARIABLE = YES;
				HEADER_SEARCH_PATHS = "$(MonkeyDevTheosPath)/vendor/include/**";
				IPHONEOS_DEPLOYMENT_TARGET = 8.0;
				LIBRARY_SEARCH_PATHS = "$(MonkeyDevTheosPath)/vendor/lib/**";
				MonkeyDevPath = /opt/MonkeyDev;
				MonkeyDevTheosPath = /opt/theos;
				OTHER_CFLAGS = "-DTHEOS_INSTANCE_NAME=\"\\\"trace\\\"\"";
				SDKROOT = iphoneos;
				TARGETED_DEVICE_FAMILY = "1,2";
				VALIDATE_PRODUCT = YES;
			};
			name = Release;
		};
		B30D3AE923E9876900477C79 /* Debug */ = {
			isa = XCBuildConfiguration;
			buildSettings = {
				COPY_PHASE_STRIP = NO;
				EXCLUDED_RECURSIVE_SEARCH_PATH_SUBDIRECTORIES = "*.nib *.lproj *.gch (*) .DS_Store CVS .svn .git .hg *.xcodeproj *.xcode *.pbproj *.pbxproj";
				FRAMEWORK_SEARCH_PATHS = (
					"$(MonkeyDevPath)/frameworks/**",
					"$(MonkeyDevTheosPath)/vendor/lib",
				);
				GCC_C_LANGUAGE_STANDARD = gnu99;
				GCC_DYNAMIC_NO_PIC = NO;
				GCC_OPTIMIZATION_LEVEL = 0;
				GCC_PREPROCESSOR_DEFINITIONS = (
					"DEBUG=1",
					"$(inherited)",
				);
				GCC_SYMBOLS_PRIVATE_EXTERN = NO;
				GCC_WARN_ABOUT_MISSING_PROTOTYPES = YES;
				GCC_WARN_ABOUT_RETURN_TYPE = YES;
				GCC_WARN_UNUSED_VARIABLE = YES;
				HEADER_SEARCH_PATHS = "$(MonkeyDevTheosPath)/vendor/include/**";
				IPHONEOS_DEPLOYMENT_TARGET = 8.0;
				LIBRARY_SEARCH_PATHS = "$(MonkeyDevTheosPath)/vendor/lib/**";
				MonkeyDevPath = /opt/MonkeyDev;
				MonkeyDevTheosPath = /opt/theos;
				ONLY_ACTIVE_ARCH = YES;
				OTHER_CFLAGS = "-DTHEOS_INSTANCE_NAME=\"\\\"trace\\\"\"";
				SDKROOT = iphoneos;
				TARGETED_DEVICE_FAMILY = "1,2";
				VALIDATE_PRODUCT = NO;
			};
			name = Debug;
		};
		B30D3AEB23E9876900477C79 /* Release */ = {
			isa = XCBuildConfiguration;
			buildSettings = {
				CLANG_ENABLE_OBJC_ARC = YES;
				CODE_SIGN_ENTITLEMENTS = trace/monkeydev.entitlements;
				CODE_SIGN_IDENTITY = "iPhone Developer";
				CODE_SIGN_STYLE = Automatic;
				DEVELOPMENT_TEAM = MJ29GXY3G9;
				INSTALL_PATH = /usr/bin;
				MonkeyDevBuildPackageOnAnyBuild = NO;
				MonkeyDevClearUiCacheOnInstall = NO;
				MonkeyDevCopyOnBuild = NO;
				MonkeyDevDeviceIP = localhost;
				MonkeyDevDevicePassword = alpine;
				MonkeyDevDevicePort = 2222;
				MonkeyDevInstallOnAnyBuild = YES;
				MonkeyDevInstallOnProfiling = YES;
				MonkeyDevkillProcessOnInstall = "";
				PRODUCT_NAME = "$(TARGET_NAME)";
				TARGETED_DEVICE_FAMILY = "1,2";
			};
			name = Release;
		};
		B30D3AEC23E9876900477C79 /* Debug */ = {
			isa = XCBuildConfiguration;
			buildSettings = {
				CLANG_ENABLE_OBJC_ARC = YES;
				CODE_SIGN_ENTITLEMENTS = trace/monkeydev.entitlements;
				CODE_SIGN_IDENTITY = "iPhone Developer";
				CODE_SIGN_STYLE = Automatic;
				DEVELOPMENT_TEAM = MJ29GXY3G9;
				INSTALL_PATH = /usr/bin;
				MonkeyDevBuildPackageOnAnyBuild = NO;
				MonkeyDevClearUiCacheOnInstall = NO;
				MonkeyDevCopyOnBuild = NO;
				MonkeyDevDeviceIP = localhost;
				MonkeyDevDevicePassword = alpine;
				MonkeyDevDevicePort = 2222;
				MonkeyDevInstallOnAnyBuild = YES;
				MonkeyDevInstallOnProfiling = YES;
				MonkeyDevkillProcessOnInstall = "";
				PRODUCT_NAME = "$(TARGET_NAME)";
				TARGETED_DEVICE_FAMILY = "1,2";
			};
			name = Debug;
		};
/* End XCBuildConfiguration section */

/* Begin XCConfigurationList section */
		B30D3AD723E9876900477C79 /* Build configuration list for PBXProject "trace" */ = {
			isa = XCConfigurationList;
			buildConfigurations = (
				B30D3AE823E9876900477C79 /* Release */,
				B30D3AE923E9876900477C79 /* Debug */,
			);
			defaultConfigurationIsVisible = 0;
			defaultConfigurationName = Release;
		};
		B30D3AEA23E9876900477C79 /* Build configuration list for PBXNativeTarget "trace" */ = {
			isa = XCConfigurationList;
			buildConfigurations = (
				B30D3AEB23E9876900477C79 /* Release */,
				B30D3AEC23E9876900477C79 /* Debug */,
			);
			defaultConfigurationIsVisible = 0;
			defaultConfigurationName = Release;
		};
/* End XCConfigurationList section */
	};
	rootObject = B30D3AD423E9876900477C79 /* Project object */;
}
